
Microsoft Visual Studio Solution File, Format Version 12.00
# Visual Studio Version 17
VisualStudioVersion = 17.5.33530.505
MinimumVisualStudioVersion = 10.0.40219.1
Project("{FAE04EC0-301F-11D3-BF4B-00C04F79EFBC}") = "WheaterApi", "WheaterApi\WheaterApi.csproj", "{2C2163A7-CFA5-461F-AF7D-640399BB0B9A}"
EndProject
Global
	GlobalSection(SolutionConfigurationPlatforms) = preSolution
		Debug|Any CPU = Debug|Any CPU
		Release|Any CPU = Release|Any CPU
	EndGlobalSection
	GlobalSection(ProjectConfigurationPlatforms) = postSolution
		{2C2163A7-CFA5-461F-AF7D-640399BB0B9A}.Debug|Any CPU.ActiveCfg = Debug|Any CPU
		{2C2163A7-CFA5-461F-AF7D-640399BB0B9A}.Debug|Any CPU.Build.0 = Debug|Any CPU
		{2C2163A7-CFA5-461F-AF7D-640399BB0B9A}.Release|Any CPU.ActiveCfg = Release|Any CPU
		{2C2163A7-CFA5-461F-AF7D-640399BB0B9A}.Release|Any CPU.Build.0 = Release|Any CPU
	EndGlobalSection
	GlobalSection(SolutionProperties) = preSolution
		HideSolutionNode = FALSE
	EndGlobalSection
	GlobalSection(ExtensibilityGlobals) = postSolution
		SolutionGuid = {2FD6A711-B5B1-42FA-89D9-F45416AADBAA}
	EndGlobalSection
EndGlobal
